
Microsoft Visual Studio Solution File, Format Version 12.00
# Visual Studio Version 16
VisualStudioVersion = 16.0.31205.134
MinimumVisualStudioVersion = 10.0.40219.1
Project("{9A19103F-16F7-4668-BE54-9A1E7A4F7556}") = "CalcAppGRPC.Server", "CalcAppGRPC.Server\CalcAppGRPC.Server.csproj", "{0849EE35-6020-4489-AEDA-A784685CB1D1}"
EndProject
Project("{9A19103F-16F7-4668-BE54-9A1E7A4F7556}") = "CalcAppGRPC.Client", "CalcAppGRPC.Client\CalcAppGRPC.Client.csproj", "{ACAAB459-B1EF-4862-8FF4-9169A85010B9}"
EndProject
Project("{9A19103F-16F7-4668-BE54-9A1E7A4F7556}") = "CalcAppGRPC.Shared", "CalcAppGRPC.Shared\CalcAppGRPC.Shared.csproj", "{D085EAF8-74B6-45F7-BB1D-5B8814AAB8A4}"
EndProject
Project("{9A19103F-16F7-4668-BE54-9A1E7A4F7556}") = "CalcAppGRPC.ServerConsole", "CalcAppGRPC.Server.Console\CalcAppGRPC.ServerConsole.csproj", "{ED09B3F3-6E10-477C-AD28-E4394BA35B5E}"
EndProject
Project("{9A19103F-16F7-4668-BE54-9A1E7A4F7556}") = "CalcAppGRPC.Services", "CalcAppGRPC.Services\CalcAppGRPC.Services.csproj", "{A9682757-B175-44D3-8DC0-8EADAF14673E}"
EndProject
Global
	GlobalSection(SolutionConfigurationPlatforms) = preSolution
		Debug|Any CPU = Debug|Any CPU
		Release|Any CPU = Release|Any CPU
	EndGlobalSection
	GlobalSection(ProjectConfigurationPlatforms) = postSolution
		{0849EE35-6020-4489-AEDA-A784685CB1D1}.Debug|Any CPU.ActiveCfg = Debug|Any CPU
		{0849EE35-6020-4489-AEDA-A784685CB1D1}.Debug|Any CPU.Build.0 = Debug|Any CPU
		{0849EE35-6020-4489-AEDA-A784685CB1D1}.Release|Any CPU.ActiveCfg = Release|Any CPU
		{0849EE35-6020-4489-AEDA-A784685CB1D1}.Release|Any CPU.Build.0 = Release|Any CPU
		{ACAAB459-B1EF-4862-8FF4-9169A85010B9}.Debug|Any CPU.ActiveCfg = Debug|Any CPU
		{ACAAB459-B1EF-4862-8FF4-9169A85010B9}.Debug|Any CPU.Build.0 = Debug|Any CPU
		{ACAAB459-B1EF-4862-8FF4-9169A85010B9}.Release|Any CPU.ActiveCfg = Release|Any CPU
		{ACAAB459-B1EF-4862-8FF4-9169A85010B9}.Release|Any CPU.Build.0 = Release|Any CPU
		{D085EAF8-74B6-45F7-BB1D-5B8814AAB8A4}.Debug|Any CPU.ActiveCfg = Debug|Any CPU
		{D085EAF8-74B6-45F7-BB1D-5B8814AAB8A4}.Debug|Any CPU.Build.0 = Debug|Any CPU
		{D085EAF8-74B6-45F7-BB1D-5B8814AAB8A4}.Release|Any CPU.ActiveCfg = Release|Any CPU
		{D085EAF8-74B6-45F7-BB1D-5B8814AAB8A4}.Release|Any CPU.Build.0 = Release|Any CPU
		{ED09B3F3-6E10-477C-AD28-E4394BA35B5E}.Debug|Any CPU.ActiveCfg = Debug|Any CPU
		{ED09B3F3-6E10-477C-AD28-E4394BA35B5E}.Debug|Any CPU.Build.0 = Debug|Any CPU
		{ED09B3F3-6E10-477C-AD28-E4394BA35B5E}.Release|Any CPU.ActiveCfg = Release|Any CPU
		{ED09B3F3-6E10-477C-AD28-E4394BA35B5E}.Release|Any CPU.Build.0 = Release|Any CPU
		{A9682757-B175-44D3-8DC0-8EADAF14673E}.Debug|Any CPU.ActiveCfg = Debug|Any CPU
		{A9682757-B175-44D3-8DC0-8EADAF14673E}.Debug|Any CPU.Build.0 = Debug|Any CPU
		{A9682757-B175-44D3-8DC0-8EADAF14673E}.Release|Any CPU.ActiveCfg = Release|Any CPU
		{A9682757-B175-44D3-8DC0-8EADAF14673E}.Release|Any CPU.Build.0 = Release|Any CPU
	EndGlobalSection
	GlobalSection(SolutionProperties) = preSolution
		HideSolutionNode = FALSE
	EndGlobalSection
	GlobalSection(ExtensibilityGlobals) = postSolution
		SolutionGuid = {C018DBCD-2509-40DB-A6FE-34C12EEDFA0B}
	EndGlobalSection
EndGlobal
