
Microsoft Visual Studio Solution File, Format Version 12.00
# Visual Studio Version 16
VisualStudioVersion = 16.0.31205.134
MinimumVisualStudioVersion = 10.0.40219.1
Project("{FAE04EC0-301F-11D3-BF4B-00C04F79EFBC}") = "CalcAppGRPC.Server", "CalcAppGRPC.Server\CalcAppGRPC.Server.csproj", "{0849EE35-6020-4489-AEDA-A784685CB1D1}"
EndProject
Project("{FAE04EC0-301F-11D3-BF4B-00C04F79EFBC}") = "CalcAppGRPC.Client", "CalcAppGRPC.Client\CalcAppGRPC.Client.csproj", "{ACAAB459-B1EF-4862-8FF4-9169A85010B9}"
EndProject
Global
	GlobalSection(SolutionConfigurationPlatforms) = preSolution
		Debug|Any CPU = Debug|Any CPU
		Release|Any CPU = Release|Any CPU
	EndGlobalSection
	GlobalSection(ProjectConfigurationPlatforms) = postSolution
		{0849EE35-6020-4489-AEDA-A784685CB1D1}.Debug|Any CPU.ActiveCfg = Debug|Any CPU
		{0849EE35-6020-4489-AEDA-A784685CB1D1}.Debug|Any CPU.Build.0 = Debug|Any CPU
		{0849EE35-6020-4489-AEDA-A784685CB1D1}.Release|Any CPU.ActiveCfg = Release|Any CPU
		{0849EE35-6020-4489-AEDA-A784685CB1D1}.Release|Any CPU.Build.0 = Release|Any CPU
		{ACAAB459-B1EF-4862-8FF4-9169A85010B9}.Debug|Any CPU.ActiveCfg = Debug|Any CPU
		{ACAAB459-B1EF-4862-8FF4-9169A85010B9}.Debug|Any CPU.Build.0 = Debug|Any CPU
		{ACAAB459-B1EF-4862-8FF4-9169A85010B9}.Release|Any CPU.ActiveCfg = Release|Any CPU
		{ACAAB459-B1EF-4862-8FF4-9169A85010B9}.Release|Any CPU.Build.0 = Release|Any CPU
	EndGlobalSection
	GlobalSection(SolutionProperties) = preSolution
		HideSolutionNode = FALSE
	EndGlobalSection
	GlobalSection(ExtensibilityGlobals) = postSolution
		SolutionGuid = {C018DBCD-2509-40DB-A6FE-34C12EEDFA0B}
	EndGlobalSection
EndGlobal
